
Microsoft Visual Studio Solution File, Format Version 12.00
# Visual Studio Version 16
VisualStudioVersion = 16.0.35931.194
MinimumVisualStudioVersion = 10.0.40219.1
Project("{FAE04EC0-301F-11D3-BF4B-00C04F79EFBC}") = "BlazorServerBudgetApp", "BlazorServerBudgetApp.csproj", "{2A33D668-87E7-44AC-B002-E89F1D11323F}"
EndProject
Global
	GlobalSection(SolutionConfigurationPlatforms) = preSolution
		Debug|Any CPU = Debug|Any CPU
		Release|Any CPU = Release|Any CPU
	EndGlobalSection
	GlobalSection(ProjectConfigurationPlatforms) = postSolution
		{2A33D668-87E7-44AC-B002-E89F1D11323F}.Debug|Any CPU.ActiveCfg = Debug|Any CPU
		{2A33D668-87E7-44AC-B002-E89F1D11323F}.Debug|Any CPU.Build.0 = Debug|Any CPU
		{2A33D668-87E7-44AC-B002-E89F1D11323F}.Release|Any CPU.ActiveCfg = Release|Any CPU
		{2A33D668-87E7-44AC-B002-E89F1D11323F}.Release|Any CPU.Build.0 = Release|Any CPU
	EndGlobalSection
	GlobalSection(SolutionProperties) = preSolution
		HideSolutionNode = FALSE
	EndGlobalSection
	GlobalSection(ExtensibilityGlobals) = postSolution
		SolutionGuid = {1159D862-DFE9-42EC-8158-462921F954AA}
	EndGlobalSection
EndGlobal
