
Microsoft Visual Studio Solution File, Format Version 12.00
# Visual Studio Version 17
VisualStudioVersion = 17.14.35906.104
MinimumVisualStudioVersion = 10.0.40219.1
Project("{FAE04EC0-301F-11D3-BF4B-00C04F79EFBC}") = "ClaseMosteniriInterfete", "ClaseMosteniriInterfete.csproj", "{1E82B6E5-B287-4A8D-A261-3AB389C6C905}"
EndProject
Global
	GlobalSection(SolutionConfigurationPlatforms) = preSolution
		Debug|Any CPU = Debug|Any CPU
		Release|Any CPU = Release|Any CPU
	EndGlobalSection
	GlobalSection(ProjectConfigurationPlatforms) = postSolution
		{1E82B6E5-B287-4A8D-A261-3AB389C6C905}.Debug|Any CPU.ActiveCfg = Debug|Any CPU
		{1E82B6E5-B287-4A8D-A261-3AB389C6C905}.Debug|Any CPU.Build.0 = Debug|Any CPU
		{1E82B6E5-B287-4A8D-A261-3AB389C6C905}.Release|Any CPU.ActiveCfg = Release|Any CPU
		{1E82B6E5-B287-4A8D-A261-3AB389C6C905}.Release|Any CPU.Build.0 = Release|Any CPU
	EndGlobalSection
	GlobalSection(SolutionProperties) = preSolution
		HideSolutionNode = FALSE
	EndGlobalSection
	GlobalSection(ExtensibilityGlobals) = postSolution
		SolutionGuid = {8A6FAACF-B406-4780-89C7-0F91748FE3E2}
	EndGlobalSection
EndGlobal
