
Microsoft Visual Studio Solution File, Format Version 12.00
# Visual Studio Version 16
VisualStudioVersion = 16.0.35826.135
MinimumVisualStudioVersion = 10.0.40219.1
Project("{FAE04EC0-301F-11D3-BF4B-00C04F79EFBC}") = "ConsoleApp1", "ConsoleApp1.csproj", "{80850C74-8E91-4C9A-8CB4-D60777094EAA}"
EndProject
Global
	GlobalSection(SolutionConfigurationPlatforms) = preSolution
		Debug|Any CPU = Debug|Any CPU
		Release|Any CPU = Release|Any CPU
	EndGlobalSection
	GlobalSection(ProjectConfigurationPlatforms) = postSolution
		{80850C74-8E91-4C9A-8CB4-D60777094EAA}.Debug|Any CPU.ActiveCfg = Debug|Any CPU
		{80850C74-8E91-4C9A-8CB4-D60777094EAA}.Debug|Any CPU.Build.0 = Debug|Any CPU
		{80850C74-8E91-4C9A-8CB4-D60777094EAA}.Release|Any CPU.ActiveCfg = Release|Any CPU
		{80850C74-8E91-4C9A-8CB4-D60777094EAA}.Release|Any CPU.Build.0 = Release|Any CPU
	EndGlobalSection
	GlobalSection(SolutionProperties) = preSolution
		HideSolutionNode = FALSE
	EndGlobalSection
	GlobalSection(ExtensibilityGlobals) = postSolution
		SolutionGuid = {FFCC285F-2D74-44F7-9F24-4CD97F697386}
	EndGlobalSection
EndGlobal
